
Microsoft Visual Studio Solution File, Format Version 12.00
# Visual Studio Version 16
VisualStudioVersion = 16.0.30225.117
MinimumVisualStudioVersion = 10.0.40219.1
Project("{FAE04EC0-301F-11D3-BF4B-00C04F79EFBC}") = "Universities", "Universities\Universities.csproj", "{3536391C-CD1A-4D3E-848A-07D31B427C12}"
EndProject
Global
	GlobalSection(SolutionConfigurationPlatforms) = preSolution
		Debug|Any CPU = Debug|Any CPU
		Release|Any CPU = Release|Any CPU
	EndGlobalSection
	GlobalSection(ProjectConfigurationPlatforms) = postSolution
		{3536391C-CD1A-4D3E-848A-07D31B427C12}.Debug|Any CPU.ActiveCfg = Debug|Any CPU
		{3536391C-CD1A-4D3E-848A-07D31B427C12}.Debug|Any CPU.Build.0 = Debug|Any CPU
		{3536391C-CD1A-4D3E-848A-07D31B427C12}.Release|Any CPU.ActiveCfg = Release|Any CPU
		{3536391C-CD1A-4D3E-848A-07D31B427C12}.Release|Any CPU.Build.0 = Release|Any CPU
	EndGlobalSection
	GlobalSection(SolutionProperties) = preSolution
		HideSolutionNode = FALSE
	EndGlobalSection
	GlobalSection(ExtensibilityGlobals) = postSolution
		SolutionGuid = {8EA40A27-A0EB-4C22-A800-32F12F358C8B}
	EndGlobalSection
EndGlobal
